
Microsoft Visual Studio Solution File, Format Version 12.00
# Visual Studio 15
VisualStudioVersion = 15.0.28307.421
MinimumVisualStudioVersion = 10.0.40219.1
Project("{9A19103F-16F7-4668-BE54-9A1E7A4F7556}") = "SustainableChemistryWeb", "SustainableChemistryWeb\SustainableChemistryWeb.csproj", "{BC1C328F-830A-44CD-9564-8A2175F44B9C}"
EndProject
Global
	GlobalSection(SolutionConfigurationPlatforms) = preSolution
		Debug|Any CPU = Debug|Any CPU
		Release|Any CPU = Release|Any CPU
	EndGlobalSection
	GlobalSection(ProjectConfigurationPlatforms) = postSolution
		{BC1C328F-830A-44CD-9564-8A2175F44B9C}.Debug|Any CPU.ActiveCfg = Debug|Any CPU
		{BC1C328F-830A-44CD-9564-8A2175F44B9C}.Debug|Any CPU.Build.0 = Debug|Any CPU
		{BC1C328F-830A-44CD-9564-8A2175F44B9C}.Release|Any CPU.ActiveCfg = Release|Any CPU
		{BC1C328F-830A-44CD-9564-8A2175F44B9C}.Release|Any CPU.Build.0 = Release|Any CPU
	EndGlobalSection
	GlobalSection(SolutionProperties) = preSolution
		HideSolutionNode = FALSE
	EndGlobalSection
	GlobalSection(ExtensibilityGlobals) = postSolution
		SolutionGuid = {F85B5951-6C21-4C98-BF43-020912D8F659}
	EndGlobalSection
EndGlobal
